
Microsoft Visual Studio Solution File, Format Version 12.00
# Visual Studio Version 16
VisualStudioVersion = 16.0.32002.261
MinimumVisualStudioVersion = 10.0.40219.1
Project("{FAE04EC0-301F-11D3-BF4B-00C04F79EFBC}") = "Business", "Business\Business.csproj", "{8411EBBC-F7BE-4B6D-86EA-7DB2F9CA5B83}"
EndProject
Project("{FAE04EC0-301F-11D3-BF4B-00C04F79EFBC}") = "Core", "Core\Core.csproj", "{33F77C1B-312A-4C26-B2FB-3DF0EB86A64B}"
EndProject
Project("{FAE04EC0-301F-11D3-BF4B-00C04F79EFBC}") = "DataAccess", "DataAccess\DataAccess.csproj", "{21BE04F5-91CE-4E6B-9231-85CE8E1CEFA7}"
EndProject
Project("{FAE04EC0-301F-11D3-BF4B-00C04F79EFBC}") = "Entities", "Entities\Entities.csproj", "{51AE1522-B994-4A78-85E5-BBFA77F407F8}"
EndProject
Project("{FAE04EC0-301F-11D3-BF4B-00C04F79EFBC}") = "WebAPI", "WebAPI\WebAPI.csproj", "{5E59BDDB-96DC-41FE-8167-7F84A6AD202B}"
EndProject
Global
	GlobalSection(SolutionConfigurationPlatforms) = preSolution
		Debug|Any CPU = Debug|Any CPU
		Release|Any CPU = Release|Any CPU
	EndGlobalSection
	GlobalSection(ProjectConfigurationPlatforms) = postSolution
		{8411EBBC-F7BE-4B6D-86EA-7DB2F9CA5B83}.Debug|Any CPU.ActiveCfg = Debug|Any CPU
		{8411EBBC-F7BE-4B6D-86EA-7DB2F9CA5B83}.Debug|Any CPU.Build.0 = Debug|Any CPU
		{8411EBBC-F7BE-4B6D-86EA-7DB2F9CA5B83}.Release|Any CPU.ActiveCfg = Release|Any CPU
		{8411EBBC-F7BE-4B6D-86EA-7DB2F9CA5B83}.Release|Any CPU.Build.0 = Release|Any CPU
		{33F77C1B-312A-4C26-B2FB-3DF0EB86A64B}.Debug|Any CPU.ActiveCfg = Debug|Any CPU
		{33F77C1B-312A-4C26-B2FB-3DF0EB86A64B}.Debug|Any CPU.Build.0 = Debug|Any CPU
		{33F77C1B-312A-4C26-B2FB-3DF0EB86A64B}.Release|Any CPU.ActiveCfg = Release|Any CPU
		{33F77C1B-312A-4C26-B2FB-3DF0EB86A64B}.Release|Any CPU.Build.0 = Release|Any CPU
		{21BE04F5-91CE-4E6B-9231-85CE8E1CEFA7}.Debug|Any CPU.ActiveCfg = Debug|Any CPU
		{21BE04F5-91CE-4E6B-9231-85CE8E1CEFA7}.Debug|Any CPU.Build.0 = Debug|Any CPU
		{21BE04F5-91CE-4E6B-9231-85CE8E1CEFA7}.Release|Any CPU.ActiveCfg = Release|Any CPU
		{21BE04F5-91CE-4E6B-9231-85CE8E1CEFA7}.Release|Any CPU.Build.0 = Release|Any CPU
		{51AE1522-B994-4A78-85E5-BBFA77F407F8}.Debug|Any CPU.ActiveCfg = Debug|Any CPU
		{51AE1522-B994-4A78-85E5-BBFA77F407F8}.Debug|Any CPU.Build.0 = Debug|Any CPU
		{51AE1522-B994-4A78-85E5-BBFA77F407F8}.Release|Any CPU.ActiveCfg = Release|Any CPU
		{51AE1522-B994-4A78-85E5-BBFA77F407F8}.Release|Any CPU.Build.0 = Release|Any CPU
		{5E59BDDB-96DC-41FE-8167-7F84A6AD202B}.Debug|Any CPU.ActiveCfg = Debug|Any CPU
		{5E59BDDB-96DC-41FE-8167-7F84A6AD202B}.Debug|Any CPU.Build.0 = Debug|Any CPU
		{5E59BDDB-96DC-41FE-8167-7F84A6AD202B}.Release|Any CPU.ActiveCfg = Release|Any CPU
		{5E59BDDB-96DC-41FE-8167-7F84A6AD202B}.Release|Any CPU.Build.0 = Release|Any CPU
	EndGlobalSection
	GlobalSection(SolutionProperties) = preSolution
		HideSolutionNode = FALSE
	EndGlobalSection
	GlobalSection(ExtensibilityGlobals) = postSolution
		SolutionGuid = {584DA7CF-7889-4023-8A87-468F00293FC4}
	EndGlobalSection
EndGlobal
